{
  "nodes": {
    "flake-parts": {
      "inputs": {
        "nixpkgs-lib": [
          "nixpkgs"
        ]
      },
      "locked": {
        "lastModified": 1709336216,
        "narHash": "sha256-Dt/wOWeW6Sqm11Yh+2+t0dfEWxoMxGBvv3JpIocFl9E=",
        "owner": "hercules-ci",
        "repo": "flake-parts",
        "rev": "f7b3c975cf067e56e7cda6cb098ebe3fb4d74ca2",
        "type": "github"
      },
      "original": {
        "owner": "hercules-ci",
        "repo": "flake-parts",
        "type": "github"
      }
    },
    "haskell-flake": {
      "locked": {
        "lastModified": 1710675764,
        "narHash": "sha256-ZpBoh1dVLTxC3wccOnsji7u/Ceuwh2raQn/Vq6BBYwo=",
        "owner": "srid",
        "repo": "haskell-flake",
        "rev": "ef955d7d239d7f82f343b569a4cf2c7c1a4df1f4",
        "type": "github"
      },
      "original": {
        "owner": "srid",
        "repo": "haskell-flake",
        "type": "github"
      }
    },
    "nixpkgs": {
      "locked": {
        "lastModified": 1710827359,
        "narHash": "sha256-/KY8hffTh9SN/tTcDn/FrEiYwTXnU8NKnr4D7/stmmA=",
        "owner": "nixos",
        "repo": "nixpkgs",
        "rev": "5710127d9693421e78cca4f74fac2db6d67162b1",
        "type": "github"
      },
      "original": {
        "owner": "nixos",
        "ref": "nixpkgs-unstable",
        "repo": "nixpkgs",
        "type": "github"
      }
    },
    "root": {
      "inputs": {
        "flake-parts": "flake-parts",
        "haskell-flake": "haskell-flake",
        "nixpkgs": "nixpkgs"
      }
    }
  },
  "root": "root",
  "version": 7
}
